
Microsoft Visual Studio Solution File, Format Version 12.00
# Visual Studio Version 17
VisualStudioVersion = 17.0.31903.59
MinimumVisualStudioVersion = 10.0.40219.1
Project("{FAE04EC0-301F-11D3-BF4B-00C04F79EFBC}") = "Core", "Core\Core.csproj", "{B6FAAB64-31B4-4EB7-9F13-6AFD916246C8}"
EndProject
Project("{FAE04EC0-301F-11D3-BF4B-00C04F79EFBC}") = "Core.Tests", "Core.Tests\Core.Tests.csproj", "{C7F2D807-55FE-4D95-A0D3-F2B945D58500}"
EndProject
Global
	GlobalSection(SolutionConfigurationPlatforms) = preSolution
		Debug|Any CPU = Debug|Any CPU
		Release|Any CPU = Release|Any CPU
	EndGlobalSection
	GlobalSection(SolutionProperties) = preSolution
		HideSolutionNode = FALSE
	EndGlobalSection
	GlobalSection(ProjectConfigurationPlatforms) = postSolution
		{B6FAAB64-31B4-4EB7-9F13-6AFD916246C8}.Debug|Any CPU.ActiveCfg = Debug|Any CPU
		{B6FAAB64-31B4-4EB7-9F13-6AFD916246C8}.Debug|Any CPU.Build.0 = Debug|Any CPU
		{B6FAAB64-31B4-4EB7-9F13-6AFD916246C8}.Release|Any CPU.ActiveCfg = Release|Any CPU
		{B6FAAB64-31B4-4EB7-9F13-6AFD916246C8}.Release|Any CPU.Build.0 = Release|Any CPU
		{C7F2D807-55FE-4D95-A0D3-F2B945D58500}.Debug|Any CPU.ActiveCfg = Debug|Any CPU
		{C7F2D807-55FE-4D95-A0D3-F2B945D58500}.Debug|Any CPU.Build.0 = Debug|Any CPU
		{C7F2D807-55FE-4D95-A0D3-F2B945D58500}.Release|Any CPU.ActiveCfg = Release|Any CPU
		{C7F2D807-55FE-4D95-A0D3-F2B945D58500}.Release|Any CPU.Build.0 = Release|Any CPU
	EndGlobalSection
EndGlobal
